
Microsoft Visual Studio Solution File, Format Version 12.00
# Visual Studio Version 17
VisualStudioVersion = 17.4.33205.214
MinimumVisualStudioVersion = 10.0.40219.1
Project("{8BC9CEB8-8B4A-11D0-8D11-00A0C91BC942}") = "04.菜单消息", "04.菜单消息\04.菜单消息.vcxproj", "{49C60038-4C33-489F-B58F-3FCF04F65752}"
EndProject
Global
	GlobalSection(SolutionConfigurationPlatforms) = preSolution
		Debug|x64 = Debug|x64
		Debug|x86 = Debug|x86
		Release|x64 = Release|x64
		Release|x86 = Release|x86
	EndGlobalSection
	GlobalSection(ProjectConfigurationPlatforms) = postSolution
		{49C60038-4C33-489F-B58F-3FCF04F65752}.Debug|x64.ActiveCfg = Debug|x64
		{49C60038-4C33-489F-B58F-3FCF04F65752}.Debug|x64.Build.0 = Debug|x64
		{49C60038-4C33-489F-B58F-3FCF04F65752}.Debug|x86.ActiveCfg = Debug|Win32
		{49C60038-4C33-489F-B58F-3FCF04F65752}.Debug|x86.Build.0 = Debug|Win32
		{49C60038-4C33-489F-B58F-3FCF04F65752}.Release|x64.ActiveCfg = Release|x64
		{49C60038-4C33-489F-B58F-3FCF04F65752}.Release|x64.Build.0 = Release|x64
		{49C60038-4C33-489F-B58F-3FCF04F65752}.Release|x86.ActiveCfg = Release|Win32
		{49C60038-4C33-489F-B58F-3FCF04F65752}.Release|x86.Build.0 = Release|Win32
	EndGlobalSection
	GlobalSection(SolutionProperties) = preSolution
		HideSolutionNode = FALSE
	EndGlobalSection
	GlobalSection(ExtensibilityGlobals) = postSolution
		SolutionGuid = {20ADDD27-3721-4D18-AFA3-E40DF9C055F4}
	EndGlobalSection
EndGlobal
